
Microsoft Visual Studio Solution File, Format Version 12.00
# Visual Studio Version 17
VisualStudioVersion = 17.14.36518.9
MinimumVisualStudioVersion = 10.0.40219.1
Project("{FAE04EC0-301F-11D3-BF4B-00C04F79EFBC}") = "EcommerceWebApp", "EcommerceWebApp\EcommerceWebApp.csproj", "{73AC3D4B-0133-4AA9-919E-E9B6E480D01B}"
EndProject
Project("{2150E333-8FDC-42A3-9474-1A3956D46DE8}") = "Solution Items", "Solution Items", "{8EC462FD-D22E-90A8-E5CE-7E832BA40C5D}"
	ProjectSection(SolutionItems) = preProject
		README.md = README.md
	EndProjectSection
EndProject
Project("{FAE04EC0-301F-11D3-BF4B-00C04F79EFBC}") = "Ecommerce.DataAccess", "Ecommerce.DataAccess\Ecommerce.DataAccess.csproj", "{C7B52FA6-B283-41BC-ADA7-E129D904C6A0}"
EndProject
Project("{FAE04EC0-301F-11D3-BF4B-00C04F79EFBC}") = "Ecommerce.Models", "Ecommerce.Models\Ecommerce.Models.csproj", "{D6EA387E-F429-49CB-A220-15A51197E522}"
EndProject
Project("{FAE04EC0-301F-11D3-BF4B-00C04F79EFBC}") = "Ecommerce.Utility", "Ecommerce.Utility\Ecommerce.Utility.csproj", "{0DDE9FE1-8497-4DAC-BB88-76C19D1E0FEF}"
EndProject
Global
	GlobalSection(SolutionConfigurationPlatforms) = preSolution
		Debug|Any CPU = Debug|Any CPU
		Release|Any CPU = Release|Any CPU
	EndGlobalSection
	GlobalSection(ProjectConfigurationPlatforms) = postSolution
		{73AC3D4B-0133-4AA9-919E-E9B6E480D01B}.Debug|Any CPU.ActiveCfg = Debug|Any CPU
		{73AC3D4B-0133-4AA9-919E-E9B6E480D01B}.Debug|Any CPU.Build.0 = Debug|Any CPU
		{73AC3D4B-0133-4AA9-919E-E9B6E480D01B}.Release|Any CPU.ActiveCfg = Release|Any CPU
		{73AC3D4B-0133-4AA9-919E-E9B6E480D01B}.Release|Any CPU.Build.0 = Release|Any CPU
		{C7B52FA6-B283-41BC-ADA7-E129D904C6A0}.Debug|Any CPU.ActiveCfg = Debug|Any CPU
		{C7B52FA6-B283-41BC-ADA7-E129D904C6A0}.Debug|Any CPU.Build.0 = Debug|Any CPU
		{C7B52FA6-B283-41BC-ADA7-E129D904C6A0}.Release|Any CPU.ActiveCfg = Release|Any CPU
		{C7B52FA6-B283-41BC-ADA7-E129D904C6A0}.Release|Any CPU.Build.0 = Release|Any CPU
		{D6EA387E-F429-49CB-A220-15A51197E522}.Debug|Any CPU.ActiveCfg = Debug|Any CPU
		{D6EA387E-F429-49CB-A220-15A51197E522}.Debug|Any CPU.Build.0 = Debug|Any CPU
		{D6EA387E-F429-49CB-A220-15A51197E522}.Release|Any CPU.ActiveCfg = Release|Any CPU
		{D6EA387E-F429-49CB-A220-15A51197E522}.Release|Any CPU.Build.0 = Release|Any CPU
		{0DDE9FE1-8497-4DAC-BB88-76C19D1E0FEF}.Debug|Any CPU.ActiveCfg = Debug|Any CPU
		{0DDE9FE1-8497-4DAC-BB88-76C19D1E0FEF}.Debug|Any CPU.Build.0 = Debug|Any CPU
		{0DDE9FE1-8497-4DAC-BB88-76C19D1E0FEF}.Release|Any CPU.ActiveCfg = Release|Any CPU
		{0DDE9FE1-8497-4DAC-BB88-76C19D1E0FEF}.Release|Any CPU.Build.0 = Release|Any CPU
	EndGlobalSection
	GlobalSection(SolutionProperties) = preSolution
		HideSolutionNode = FALSE
	EndGlobalSection
	GlobalSection(ExtensibilityGlobals) = postSolution
		SolutionGuid = {92314E0F-AA25-4635-9CAC-26E2BF9D7005}
	EndGlobalSection
EndGlobal
